<?xml version="1.0" encoding="utf-8"?>
<Project ToolsVersion="4.0" xmlns="http://schemas.microsoft.com/developer/msbuild/2003">
  <ItemGroup>
    <Filter Include="소스 파일">
      <UniqueIdentifier>{4FC737F1-C7A5-4376-A066-2A32D752A2FF}</UniqueIdentifier>
      <Extensions>cpp;c;cc;cxx;def;odl;idl;hpj;bat;asm;asmx</Extensions>
    </Filter>
    <Filter Include="헤더 파일">
      <UniqueIdentifier>{93995380-89BD-4b04-88EB-625FBE52EBFB}</UniqueIdentifier>
      <Extensions>h;hh;hpp;hxx;hm;inl;inc;xsd</Extensions>
    </Filter>
    <Filter Include="리소스 파일">
      <UniqueIdentifier>{67DA6AB6-F800-4c08-8B7A-83BB121AAD01}</UniqueIdentifier>
      <Extensions>rc;ico;cur;bmp;dlg;rc2;rct;bin;rgs;gif;jpg;jpeg;jpe;resx;tiff;tif;png;wav;mfcribbon-ms</Extensions>
    </Filter>
  </ItemGroup>
  <ItemGroup>
    <ClCompile Include="App.cpp">
      <Filter>소스 파일</Filter>
    </ClCompile>
    <ClCompile Include="BaseCoffee.cpp">
      <Filter>소스 파일</Filter>
    </ClCompile>
    <ClCompile Include="Coffee.cpp">
      <Filter>소스 파일</Filter>
    </ClCompile>
    <ClCompile Include="CoffeeFactory.cpp">
      <Filter>소스 파일</Filter>
    </ClCompile>
    <ClCompile Include="CounterFacade.cpp">
      <Filter>소스 파일</Filter>
    </ClCompile>
    <ClCompile Include="DiscountAlgorithm.cpp">
      <Filter>소스 파일</Filter>
    </ClCompile>
    <ClCompile Include="DiscountCoupon.cpp">
      <Filter>소스 파일</Filter>
    </ClCompile>
    <ClCompile Include="DiscountDrinkInStore.cpp">
      <Filter>소스 파일</Filter>
    </ClCompile>
    <ClCompile Include="DiscountTakeOut.cpp">
      <Filter>소스 파일</Filter>
    </ClCompile>
    <ClCompile Include="IngredientsDecorator.cpp">
      <Filter>소스 파일</Filter>
    </ClCompile>
    <ClCompile Include="ManagerFacade.cpp">
      <Filter>소스 파일</Filter>
    </ClCompile>
    <ClCompile Include="MilkDecorator.cpp">
      <Filter>소스 파일</Filter>
    </ClCompile>
    <ClCompile Include="MochaDecorator.cpp">
      <Filter>소스 파일</Filter>
    </ClCompile>
    <ClCompile Include="OrderTransactionManager.cpp">
      <Filter>소스 파일</Filter>
    </ClCompile>
    <ClCompile Include="ProductPriceCalculator.cpp">
      <Filter>소스 파일</Filter>
    </ClCompile>
    <ClCompile Include="SaleManager.cpp">
      <Filter>소스 파일</Filter>
    </ClCompile>
    <ClCompile Include="ShotDecorator.cpp">
      <Filter>소스 파일</Filter>
    </ClCompile>
    <ClCompile Include="StockManager.cpp">
      <Filter>소스 파일</Filter>
    </ClCompile>
    <ClCompile Include="Transaction.cpp">
      <Filter>소스 파일</Filter>
    </ClCompile>
    <ClCompile Include="WhipDecorator.cpp">
      <Filter>소스 파일</Filter>
    </ClCompile>
    <ClCompile Include="Main.cpp">
      <Filter>소스 파일</Filter>
    </ClCompile>
  </ItemGroup>
  <ItemGroup>
    <ClInclude Include="App.h">
      <Filter>헤더 파일</Filter>
    </ClInclude>
    <ClInclude Include="BaseCoffee.h">
      <Filter>헤더 파일</Filter>
    </ClInclude>
    <ClInclude Include="Coffee.h">
      <Filter>헤더 파일</Filter>
    </ClInclude>
    <ClInclude Include="CoffeeFactory.h">
      <Filter>헤더 파일</Filter>
    </ClInclude>
    <ClInclude Include="CounterFacade.h">
      <Filter>헤더 파일</Filter>
    </ClInclude>
    <ClInclude Include="DiscountAlgorithm.h">
      <Filter>헤더 파일</Filter>
    </ClInclude>
    <ClInclude Include="DiscountCoupon.h">
      <Filter>헤더 파일</Filter>
    </ClInclude>
    <ClInclude Include="DiscountDrinkInStore.h">
      <Filter>헤더 파일</Filter>
    </ClInclude>
    <ClInclude Include="DiscountTakeOut.h">
      <Filter>헤더 파일</Filter>
    </ClInclude>
    <ClInclude Include="IngredientsDecorator.h">
      <Filter>헤더 파일</Filter>
    </ClInclude>
    <ClInclude Include="ManagerFacade.h">
      <Filter>헤더 파일</Filter>
    </ClInclude>
    <ClInclude Include="MilkDecorator.h">
      <Filter>헤더 파일</Filter>
    </ClInclude>
    <ClInclude Include="MochaDecorator.h">
      <Filter>헤더 파일</Filter>
    </ClInclude>
    <ClInclude Include="OrderTransactionManager.h">
      <Filter>헤더 파일</Filter>
    </ClInclude>
    <ClInclude Include="ProductPriceCalculator.h">
      <Filter>헤더 파일</Filter>
    </ClInclude>
    <ClInclude Include="SaleManager.h">
      <Filter>헤더 파일</Filter>
    </ClInclude>
    <ClInclude Include="ShotDecorator.h">
      <Filter>헤더 파일</Filter>
    </ClInclude>
    <ClInclude Include="StockManager.h">
      <Filter>헤더 파일</Filter>
    </ClInclude>
    <ClInclude Include="Transaction.h">
      <Filter>헤더 파일</Filter>
    </ClInclude>
    <ClInclude Include="WhipDecorator.h">
      <Filter>헤더 파일</Filter>
    </ClInclude>
  </ItemGroup>
</Project>